# THIS IS AN AUTOGENERATED FILE. DO NOT EDIT THIS FILE DIRECTLY.
# yarn lockfile v1


"@builder.io/qwik@^0.0.34":
  version "0.0.34"
  resolved "https://registry.yarnpkg.com/@builder.io/qwik/-/qwik-0.0.34.tgz#809c786590456c0f2c1753bbcc4390d9f5d8c96e"
  integrity sha512-Co3Gvd6jaIoafEw79hWWlgfyw+ZFdtOoBjCvGusDeqpMRhcAtRciXVTqqJJ2DdEYOsfm0jFizozgbm64u+DJvg==

"@tsconfig/node18-strictest@^1.0.0":
  version "1.0.0"
  resolved "https://registry.yarnpkg.com/@tsconfig/node18-strictest/-/node18-strictest-1.0.0.tgz#d7c49f29ef95c47182995bd2bfcf8c177512a8de"
  integrity sha512-bOuNKwO4Fzbt+Su5wqI9zNHwx5C25gLnutwVQA1sBZk0cW8UjVPVcwzIUhJIIJDUx7zDEbAwdCD2HfvIsV8dYg==

prettier@^2.7.1:
  version "2.7.1"
  resolved "https://registry.yarnpkg.com/prettier/-/prettier-2.7.1.tgz#e235806850d057f97bb08368a4f7d899f7760c64"
  integrity sha512-ujppO+MkdPqoVINuDFDRLClm7D78qbDt0/NR+wp5FqEZOoTNAjPHWj17QRhu7geIHJfcNhRk1XVQmF8Bp3ye+g==

typescript@^4.7.4:
  version "4.7.4"
  resolved "https://registry.yarnpkg.com/typescript/-/typescript-4.7.4.tgz#1a88596d1cf47d59507a1bcdfb5b9dfe4d488235"
  integrity sha512-C0WQT0gezHuw6AdY1M2jxUO83Rjf0HP7Sk1DtXj6j1EwkQNZrHAg2XPWlq62oqEhYvONq5pkC2Y9oPljWToLmQ==
